
Microsoft Visual Studio Solution File, Format Version 12.00
Project("{FAE04EC0-301F-11D3-BF4B-00C04F79EFBC}") = "Client", "Source\Client\Client.csproj", "{11FD2109-899F-4FCB-B83B-DBD78ECAF171}"
EndProject
Project("{FAE04EC0-301F-11D3-BF4B-00C04F79EFBC}") = "Server", "Source\Server\Server.csproj", "{68F9B194-8C08-4C47-A1DF-1CB492058127}"
EndProject
Project("{FAE04EC0-301F-11D3-BF4B-00C04F79EFBC}") = "Protocols", "Source\Protocols\Protocols.csproj", "{9E98993A-C026-461F-9A38-7FB1E0758D35}"
EndProject
Project("{FAE04EC0-301F-11D3-BF4B-00C04F79EFBC}") = "Dal", "Source\Dal\Dal.csproj", "{650E6315-50AE-4373-B8D9-AE6F722B386A}"
EndProject
Project("{FAE04EC0-301F-11D3-BF4B-00C04F79EFBC}") = "Parsers", "Source\Parsers\Parsers.csproj", "{D8679FFD-EFCF-4D66-9EF5-DAE5A3155ED8}"
EndProject
Project("{FAE04EC0-301F-11D3-BF4B-00C04F79EFBC}") = "Analyzers", "Source\Analyzers\Analyzers.csproj", "{B1A3864B-B1D0-4F81-AA54-5BBE6EE6598B}"
EndProject
Project("{FAE04EC0-301F-11D3-BF4B-00C04F79EFBC}") = "Dal.Commands", "Source\Dal.Commands\Dal.Commands.csproj", "{85170039-3BF4-43DC-BA7C-32480DD27748}"
EndProject
Project("{FAE04EC0-301F-11D3-BF4B-00C04F79EFBC}") = "Dal.Queries", "Source\Dal.Queries\Dal.Queries.csproj", "{49002F33-7846-4FC2-B089-A11C270D4064}"
EndProject
Project("{FAE04EC0-301F-11D3-BF4B-00C04F79EFBC}") = "Common", "Source\Common\Common.csproj", "{289027EE-D3DF-4570-8199-A1E194923466}"
EndProject
Project("{FAE04EC0-301F-11D3-BF4B-00C04F79EFBC}") = "CleanModels", "Source\CleanModels\CleanModels.csproj", "{767DC703-166D-4BF3-B292-B53A4B211F22}"
EndProject
Project("{2150E333-8FDC-42A3-9474-1A3956D46DE8}") = "Server", "Server", "{4F43EF66-2C5B-4BBC-B5B2-EF9D079FEE63}"
EndProject
Project("{2150E333-8FDC-42A3-9474-1A3956D46DE8}") = "UiClient", "UiClient", "{DBE52F21-6DE0-4DDE-BEAA-182688F34FEE}"
EndProject
Project("{FAE04EC0-301F-11D3-BF4B-00C04F79EFBC}") = "OsService.Commands", "Source\OsService.Commands\OsService.Commands.csproj", "{12714659-DD62-4620-BD28-F322405DDFE8}"
EndProject
Project("{FAE04EC0-301F-11D3-BF4B-00C04F79EFBC}") = "OsService.Queries", "Source\OsService.Queries\OsService.Queries.csproj", "{B1E4F744-78E4-4F41-A9BE-5573D1BB3578}"
EndProject
Project("{FAE04EC0-301F-11D3-BF4B-00C04F79EFBC}") = "Client.Services", "Source\Client.Services\Client.Services.csproj", "{305C1A06-CD03-48AB-AE02-9BC3CFF10EE4}"
EndProject
Project("{FAE04EC0-301F-11D3-BF4B-00C04F79EFBC}") = "CodeGenerator", "Source\CodeGenerator\CodeGenerator.csproj", "{ABEDC797-DD75-4152-8547-1418C54A26C1}"
EndProject
Project("{2150E333-8FDC-42A3-9474-1A3956D46DE8}") = "EaService", "EaService", "{8D384E09-9475-4BDE-9885-B3B7098C3ED9}"
EndProject
Project("{FAE04EC0-301F-11D3-BF4B-00C04F79EFBC}") = "Server.Services", "Source\Server.Services\Server.Services.csproj", "{5567E8C5-B8ED-4935-9503-D7BDEBAE58F3}"
EndProject
Project("{FAE04EC0-301F-11D3-BF4B-00C04F79EFBC}") = "Server.Client", "Source\Server.Client\Server.Client.csproj", "{542C7032-DF9D-4238-9681-5D3396F75A45}"
EndProject
Project("{FAE04EC0-301F-11D3-BF4B-00C04F79EFBC}") = "OsService.Client", "Source\OsService.Client\OsService.Client.csproj", "{483692AE-9FB5-49B9-B0E7-036485B2509D}"
EndProject
Project("{FAE04EC0-301F-11D3-BF4B-00C04F79EFBC}") = "OsService.Server", "Source\OsService.Server\OsService.Server.csproj", "{9A04DEAE-3FF5-4703-B5F5-389ABD639CE8}"
EndProject
Project("{FAE04EC0-301F-11D3-BF4B-00C04F79EFBC}") = "OsService.Services", "Source\OsService.Services\OsService.Services.csproj", "{2F4D7CD6-28BE-4B95-AF96-5FCBD5E0BEF8}"
EndProject
Project("{FAE04EC0-301F-11D3-BF4B-00C04F79EFBC}") = "OsService.Watchers", "Source\OsService.Watchers\OsService.Watchers.csproj", "{B4F78447-A4BC-4A87-A740-BCF90DD00506}"
EndProject
Project("{2150E333-8FDC-42A3-9474-1A3956D46DE8}") = "Tests", "Tests", "{636DFFD5-8BD3-4B06-A4F2-631492DB8AE4}"
EndProject
Project("{FAE04EC0-301F-11D3-BF4B-00C04F79EFBC}") = "Parsers.Tests", "Source\Tests\Parsers.Tests\Parsers.Tests.csproj", "{117A073B-A8DE-4EFC-952F-72F873B10FC4}"
EndProject
Project("{FAE04EC0-301F-11D3-BF4B-00C04F79EFBC}") = "Analyzers.Tests", "Source\Tests\Analyzers.Tests\Analyzers.Tests.csproj", "{76689A2A-6A6C-4AC0-81BE-093F1C9921B3}"
EndProject
Project("{FAE04EC0-301F-11D3-BF4B-00C04F79EFBC}") = "Server.Queries", "Source\Server.Queries\Server.Queries.csproj", "{09BA5ADE-956C-47C1-ADD1-377F67FEA4F3}"
EndProject
Project("{FAE04EC0-301F-11D3-BF4B-00C04F79EFBC}") = "BaseModels", "Source\BaseModels\BaseModels.csproj", "{FAD51A30-EAC0-43E9-B694-61BDF2185E76}"
EndProject
Project("{FAE04EC0-301F-11D3-BF4B-00C04F79EFBC}") = "Gui", "Source\Gui\Gui.csproj", "{A43D1B96-BA89-4735-9BD3-29BE7D4B858F}"
EndProject
Global
	GlobalSection(SolutionConfigurationPlatforms) = preSolution
		Debug|Any CPU = Debug|Any CPU
		Release|Any CPU = Release|Any CPU
	EndGlobalSection
	GlobalSection(ProjectConfigurationPlatforms) = postSolution
		{11FD2109-899F-4FCB-B83B-DBD78ECAF171}.Debug|Any CPU.ActiveCfg = Debug|Any CPU
		{11FD2109-899F-4FCB-B83B-DBD78ECAF171}.Debug|Any CPU.Build.0 = Debug|Any CPU
		{11FD2109-899F-4FCB-B83B-DBD78ECAF171}.Release|Any CPU.ActiveCfg = Release|Any CPU
		{11FD2109-899F-4FCB-B83B-DBD78ECAF171}.Release|Any CPU.Build.0 = Release|Any CPU
		{68F9B194-8C08-4C47-A1DF-1CB492058127}.Debug|Any CPU.ActiveCfg = Debug|Any CPU
		{68F9B194-8C08-4C47-A1DF-1CB492058127}.Debug|Any CPU.Build.0 = Debug|Any CPU
		{68F9B194-8C08-4C47-A1DF-1CB492058127}.Release|Any CPU.ActiveCfg = Release|Any CPU
		{68F9B194-8C08-4C47-A1DF-1CB492058127}.Release|Any CPU.Build.0 = Release|Any CPU
		{9E98993A-C026-461F-9A38-7FB1E0758D35}.Debug|Any CPU.ActiveCfg = Debug|Any CPU
		{9E98993A-C026-461F-9A38-7FB1E0758D35}.Debug|Any CPU.Build.0 = Debug|Any CPU
		{9E98993A-C026-461F-9A38-7FB1E0758D35}.Release|Any CPU.ActiveCfg = Release|Any CPU
		{9E98993A-C026-461F-9A38-7FB1E0758D35}.Release|Any CPU.Build.0 = Release|Any CPU
		{650E6315-50AE-4373-B8D9-AE6F722B386A}.Debug|Any CPU.ActiveCfg = Debug|Any CPU
		{650E6315-50AE-4373-B8D9-AE6F722B386A}.Debug|Any CPU.Build.0 = Debug|Any CPU
		{650E6315-50AE-4373-B8D9-AE6F722B386A}.Release|Any CPU.ActiveCfg = Release|Any CPU
		{650E6315-50AE-4373-B8D9-AE6F722B386A}.Release|Any CPU.Build.0 = Release|Any CPU
		{D8679FFD-EFCF-4D66-9EF5-DAE5A3155ED8}.Debug|Any CPU.ActiveCfg = Debug|Any CPU
		{D8679FFD-EFCF-4D66-9EF5-DAE5A3155ED8}.Debug|Any CPU.Build.0 = Debug|Any CPU
		{D8679FFD-EFCF-4D66-9EF5-DAE5A3155ED8}.Release|Any CPU.ActiveCfg = Release|Any CPU
		{D8679FFD-EFCF-4D66-9EF5-DAE5A3155ED8}.Release|Any CPU.Build.0 = Release|Any CPU
		{B1A3864B-B1D0-4F81-AA54-5BBE6EE6598B}.Debug|Any CPU.ActiveCfg = Debug|Any CPU
		{B1A3864B-B1D0-4F81-AA54-5BBE6EE6598B}.Debug|Any CPU.Build.0 = Debug|Any CPU
		{B1A3864B-B1D0-4F81-AA54-5BBE6EE6598B}.Release|Any CPU.ActiveCfg = Release|Any CPU
		{B1A3864B-B1D0-4F81-AA54-5BBE6EE6598B}.Release|Any CPU.Build.0 = Release|Any CPU
		{85170039-3BF4-43DC-BA7C-32480DD27748}.Debug|Any CPU.ActiveCfg = Debug|Any CPU
		{85170039-3BF4-43DC-BA7C-32480DD27748}.Debug|Any CPU.Build.0 = Debug|Any CPU
		{85170039-3BF4-43DC-BA7C-32480DD27748}.Release|Any CPU.ActiveCfg = Release|Any CPU
		{85170039-3BF4-43DC-BA7C-32480DD27748}.Release|Any CPU.Build.0 = Release|Any CPU
		{49002F33-7846-4FC2-B089-A11C270D4064}.Debug|Any CPU.ActiveCfg = Debug|Any CPU
		{49002F33-7846-4FC2-B089-A11C270D4064}.Debug|Any CPU.Build.0 = Debug|Any CPU
		{49002F33-7846-4FC2-B089-A11C270D4064}.Release|Any CPU.ActiveCfg = Release|Any CPU
		{49002F33-7846-4FC2-B089-A11C270D4064}.Release|Any CPU.Build.0 = Release|Any CPU
		{289027EE-D3DF-4570-8199-A1E194923466}.Debug|Any CPU.ActiveCfg = Debug|Any CPU
		{289027EE-D3DF-4570-8199-A1E194923466}.Debug|Any CPU.Build.0 = Debug|Any CPU
		{289027EE-D3DF-4570-8199-A1E194923466}.Release|Any CPU.ActiveCfg = Release|Any CPU
		{289027EE-D3DF-4570-8199-A1E194923466}.Release|Any CPU.Build.0 = Release|Any CPU
		{767DC703-166D-4BF3-B292-B53A4B211F22}.Debug|Any CPU.ActiveCfg = Debug|Any CPU
		{767DC703-166D-4BF3-B292-B53A4B211F22}.Debug|Any CPU.Build.0 = Debug|Any CPU
		{767DC703-166D-4BF3-B292-B53A4B211F22}.Release|Any CPU.ActiveCfg = Release|Any CPU
		{767DC703-166D-4BF3-B292-B53A4B211F22}.Release|Any CPU.Build.0 = Release|Any CPU
		{12714659-DD62-4620-BD28-F322405DDFE8}.Debug|Any CPU.ActiveCfg = Debug|Any CPU
		{12714659-DD62-4620-BD28-F322405DDFE8}.Debug|Any CPU.Build.0 = Debug|Any CPU
		{12714659-DD62-4620-BD28-F322405DDFE8}.Release|Any CPU.ActiveCfg = Release|Any CPU
		{12714659-DD62-4620-BD28-F322405DDFE8}.Release|Any CPU.Build.0 = Release|Any CPU
		{B1E4F744-78E4-4F41-A9BE-5573D1BB3578}.Debug|Any CPU.ActiveCfg = Debug|Any CPU
		{B1E4F744-78E4-4F41-A9BE-5573D1BB3578}.Debug|Any CPU.Build.0 = Debug|Any CPU
		{B1E4F744-78E4-4F41-A9BE-5573D1BB3578}.Release|Any CPU.ActiveCfg = Release|Any CPU
		{B1E4F744-78E4-4F41-A9BE-5573D1BB3578}.Release|Any CPU.Build.0 = Release|Any CPU
		{305C1A06-CD03-48AB-AE02-9BC3CFF10EE4}.Debug|Any CPU.ActiveCfg = Debug|Any CPU
		{305C1A06-CD03-48AB-AE02-9BC3CFF10EE4}.Debug|Any CPU.Build.0 = Debug|Any CPU
		{305C1A06-CD03-48AB-AE02-9BC3CFF10EE4}.Release|Any CPU.ActiveCfg = Release|Any CPU
		{305C1A06-CD03-48AB-AE02-9BC3CFF10EE4}.Release|Any CPU.Build.0 = Release|Any CPU
		{ABEDC797-DD75-4152-8547-1418C54A26C1}.Debug|Any CPU.ActiveCfg = Debug|Any CPU
		{ABEDC797-DD75-4152-8547-1418C54A26C1}.Debug|Any CPU.Build.0 = Debug|Any CPU
		{ABEDC797-DD75-4152-8547-1418C54A26C1}.Release|Any CPU.ActiveCfg = Release|Any CPU
		{ABEDC797-DD75-4152-8547-1418C54A26C1}.Release|Any CPU.Build.0 = Release|Any CPU
		{5567E8C5-B8ED-4935-9503-D7BDEBAE58F3}.Debug|Any CPU.ActiveCfg = Debug|Any CPU
		{5567E8C5-B8ED-4935-9503-D7BDEBAE58F3}.Debug|Any CPU.Build.0 = Debug|Any CPU
		{5567E8C5-B8ED-4935-9503-D7BDEBAE58F3}.Release|Any CPU.ActiveCfg = Release|Any CPU
		{5567E8C5-B8ED-4935-9503-D7BDEBAE58F3}.Release|Any CPU.Build.0 = Release|Any CPU
		{542C7032-DF9D-4238-9681-5D3396F75A45}.Debug|Any CPU.ActiveCfg = Debug|Any CPU
		{542C7032-DF9D-4238-9681-5D3396F75A45}.Debug|Any CPU.Build.0 = Debug|Any CPU
		{542C7032-DF9D-4238-9681-5D3396F75A45}.Release|Any CPU.ActiveCfg = Release|Any CPU
		{542C7032-DF9D-4238-9681-5D3396F75A45}.Release|Any CPU.Build.0 = Release|Any CPU
		{483692AE-9FB5-49B9-B0E7-036485B2509D}.Debug|Any CPU.ActiveCfg = Debug|Any CPU
		{483692AE-9FB5-49B9-B0E7-036485B2509D}.Debug|Any CPU.Build.0 = Debug|Any CPU
		{483692AE-9FB5-49B9-B0E7-036485B2509D}.Release|Any CPU.ActiveCfg = Release|Any CPU
		{483692AE-9FB5-49B9-B0E7-036485B2509D}.Release|Any CPU.Build.0 = Release|Any CPU
		{9A04DEAE-3FF5-4703-B5F5-389ABD639CE8}.Debug|Any CPU.ActiveCfg = Debug|Any CPU
		{9A04DEAE-3FF5-4703-B5F5-389ABD639CE8}.Debug|Any CPU.Build.0 = Debug|Any CPU
		{9A04DEAE-3FF5-4703-B5F5-389ABD639CE8}.Release|Any CPU.ActiveCfg = Release|Any CPU
		{9A04DEAE-3FF5-4703-B5F5-389ABD639CE8}.Release|Any CPU.Build.0 = Release|Any CPU
		{2F4D7CD6-28BE-4B95-AF96-5FCBD5E0BEF8}.Debug|Any CPU.ActiveCfg = Debug|Any CPU
		{2F4D7CD6-28BE-4B95-AF96-5FCBD5E0BEF8}.Debug|Any CPU.Build.0 = Debug|Any CPU
		{2F4D7CD6-28BE-4B95-AF96-5FCBD5E0BEF8}.Release|Any CPU.ActiveCfg = Release|Any CPU
		{2F4D7CD6-28BE-4B95-AF96-5FCBD5E0BEF8}.Release|Any CPU.Build.0 = Release|Any CPU
		{B4F78447-A4BC-4A87-A740-BCF90DD00506}.Debug|Any CPU.ActiveCfg = Debug|Any CPU
		{B4F78447-A4BC-4A87-A740-BCF90DD00506}.Debug|Any CPU.Build.0 = Debug|Any CPU
		{B4F78447-A4BC-4A87-A740-BCF90DD00506}.Release|Any CPU.ActiveCfg = Release|Any CPU
		{B4F78447-A4BC-4A87-A740-BCF90DD00506}.Release|Any CPU.Build.0 = Release|Any CPU
		{117A073B-A8DE-4EFC-952F-72F873B10FC4}.Debug|Any CPU.ActiveCfg = Debug|Any CPU
		{117A073B-A8DE-4EFC-952F-72F873B10FC4}.Debug|Any CPU.Build.0 = Debug|Any CPU
		{117A073B-A8DE-4EFC-952F-72F873B10FC4}.Release|Any CPU.ActiveCfg = Release|Any CPU
		{117A073B-A8DE-4EFC-952F-72F873B10FC4}.Release|Any CPU.Build.0 = Release|Any CPU
		{76689A2A-6A6C-4AC0-81BE-093F1C9921B3}.Debug|Any CPU.ActiveCfg = Debug|Any CPU
		{76689A2A-6A6C-4AC0-81BE-093F1C9921B3}.Debug|Any CPU.Build.0 = Debug|Any CPU
		{76689A2A-6A6C-4AC0-81BE-093F1C9921B3}.Release|Any CPU.ActiveCfg = Release|Any CPU
		{76689A2A-6A6C-4AC0-81BE-093F1C9921B3}.Release|Any CPU.Build.0 = Release|Any CPU
		{09BA5ADE-956C-47C1-ADD1-377F67FEA4F3}.Debug|Any CPU.ActiveCfg = Debug|Any CPU
		{09BA5ADE-956C-47C1-ADD1-377F67FEA4F3}.Debug|Any CPU.Build.0 = Debug|Any CPU
		{09BA5ADE-956C-47C1-ADD1-377F67FEA4F3}.Release|Any CPU.ActiveCfg = Release|Any CPU
		{09BA5ADE-956C-47C1-ADD1-377F67FEA4F3}.Release|Any CPU.Build.0 = Release|Any CPU
		{FAD51A30-EAC0-43E9-B694-61BDF2185E76}.Debug|Any CPU.ActiveCfg = Debug|Any CPU
		{FAD51A30-EAC0-43E9-B694-61BDF2185E76}.Debug|Any CPU.Build.0 = Debug|Any CPU
		{FAD51A30-EAC0-43E9-B694-61BDF2185E76}.Release|Any CPU.ActiveCfg = Release|Any CPU
		{FAD51A30-EAC0-43E9-B694-61BDF2185E76}.Release|Any CPU.Build.0 = Release|Any CPU
		{A43D1B96-BA89-4735-9BD3-29BE7D4B858F}.Debug|Any CPU.ActiveCfg = Debug|Any CPU
		{A43D1B96-BA89-4735-9BD3-29BE7D4B858F}.Debug|Any CPU.Build.0 = Debug|Any CPU
		{A43D1B96-BA89-4735-9BD3-29BE7D4B858F}.Release|Any CPU.ActiveCfg = Release|Any CPU
		{A43D1B96-BA89-4735-9BD3-29BE7D4B858F}.Release|Any CPU.Build.0 = Release|Any CPU
	EndGlobalSection
	GlobalSection(NestedProjects) = preSolution
		{85170039-3BF4-43DC-BA7C-32480DD27748} = {4F43EF66-2C5B-4BBC-B5B2-EF9D079FEE63}
		{650E6315-50AE-4373-B8D9-AE6F722B386A} = {4F43EF66-2C5B-4BBC-B5B2-EF9D079FEE63}
		{49002F33-7846-4FC2-B089-A11C270D4064} = {4F43EF66-2C5B-4BBC-B5B2-EF9D079FEE63}
		{11FD2109-899F-4FCB-B83B-DBD78ECAF171} = {DBE52F21-6DE0-4DDE-BEAA-182688F34FEE}
		{68F9B194-8C08-4C47-A1DF-1CB492058127} = {4F43EF66-2C5B-4BBC-B5B2-EF9D079FEE63}
		{D8679FFD-EFCF-4D66-9EF5-DAE5A3155ED8} = {4F43EF66-2C5B-4BBC-B5B2-EF9D079FEE63}
		{B1A3864B-B1D0-4F81-AA54-5BBE6EE6598B} = {4F43EF66-2C5B-4BBC-B5B2-EF9D079FEE63}
		{305C1A06-CD03-48AB-AE02-9BC3CFF10EE4} = {DBE52F21-6DE0-4DDE-BEAA-182688F34FEE}
		{B1E4F744-78E4-4F41-A9BE-5573D1BB3578} = {8D384E09-9475-4BDE-9885-B3B7098C3ED9}
		{12714659-DD62-4620-BD28-F322405DDFE8} = {8D384E09-9475-4BDE-9885-B3B7098C3ED9}
		{5567E8C5-B8ED-4935-9503-D7BDEBAE58F3} = {4F43EF66-2C5B-4BBC-B5B2-EF9D079FEE63}
		{542C7032-DF9D-4238-9681-5D3396F75A45} = {4F43EF66-2C5B-4BBC-B5B2-EF9D079FEE63}
		{483692AE-9FB5-49B9-B0E7-036485B2509D} = {8D384E09-9475-4BDE-9885-B3B7098C3ED9}
		{9A04DEAE-3FF5-4703-B5F5-389ABD639CE8} = {8D384E09-9475-4BDE-9885-B3B7098C3ED9}
		{2F4D7CD6-28BE-4B95-AF96-5FCBD5E0BEF8} = {8D384E09-9475-4BDE-9885-B3B7098C3ED9}
		{B4F78447-A4BC-4A87-A740-BCF90DD00506} = {8D384E09-9475-4BDE-9885-B3B7098C3ED9}
		{117A073B-A8DE-4EFC-952F-72F873B10FC4} = {636DFFD5-8BD3-4B06-A4F2-631492DB8AE4}
		{76689A2A-6A6C-4AC0-81BE-093F1C9921B3} = {636DFFD5-8BD3-4B06-A4F2-631492DB8AE4}
		{09BA5ADE-956C-47C1-ADD1-377F67FEA4F3} = {4F43EF66-2C5B-4BBC-B5B2-EF9D079FEE63}
		{A43D1B96-BA89-4735-9BD3-29BE7D4B858F} = {DBE52F21-6DE0-4DDE-BEAA-182688F34FEE}
	EndGlobalSection
EndGlobal
